<?xml version="1.0" encoding="utf-8"?>
<Project ToolsVersion="4.0" xmlns="http://schemas.microsoft.com/developer/msbuild/2003">
  <ItemGroup>
    <Filter Include="Source Files">
      <UniqueIdentifier>{4FC737F1-C7A5-4376-A066-2A32D752A2FF}</UniqueIdentifier>
      <Extensions>cpp;c;cc;cxx;c++;cppm;ixx;def;odl;idl;hpj;bat;asm;asmx</Extensions>
    </Filter>
    <Filter Include="Header Files">
      <UniqueIdentifier>{93995380-89BD-4b04-88EB-625FBE52EBFB}</UniqueIdentifier>
      <Extensions>h;hh;hpp;hxx;h++;hm;inl;inc;ipp;xsd</Extensions>
    </Filter>
    <Filter Include="Resource Files">
      <UniqueIdentifier>{67DA6AB6-F800-4c08-8B7A-83BB121AAD01}</UniqueIdentifier>
      <Extensions>rc;ico;cur;bmp;dlg;rc2;rct;bin;rgs;gif;jpg;jpeg;jpe;resx;tiff;tif;png;wav;mfcribbon-ms</Extensions>
    </Filter>
    <Filter Include="Shaders">
      <UniqueIdentifier>{898ac114-b0ee-4411-ba7c-6dba59f42f64}</UniqueIdentifier>
    </Filter>
    <Filter Include="Temporary">
      <UniqueIdentifier>{3b9a8441-a232-4cc8-9ae7-d55cb2535c28}</UniqueIdentifier>
    </Filter>
  </ItemGroup>
  <ItemGroup>
    <ClInclude Include="GraphicsEngine.pch.h">
      <Filter>Header Files</Filter>
    </ClInclude>
    <ClInclude Include="GraphicsEngine.h">
      <Filter>Header Files</Filter>
    </ClInclude>
    <ClInclude Include="InterOp\RHI.h">
      <Filter>Header Files</Filter>
    </ClInclude>
    <ClInclude Include="InterOp\Helpers.h">
      <Filter>Header Files</Filter>
    </ClInclude>
    <ClInclude Include="Rendering\Texture.h">
      <Filter>Header Files</Filter>
    </ClInclude>
    <ClInclude Include="Rendering\Buffers\ConstantBuffer.h">
      <Filter>Header Files</Filter>
    </ClInclude>
    <ClInclude Include="InterOp\DDSTextureLoader11.h">
      <Filter>Header Files</Filter>
    </ClInclude>
    <ClInclude Include="Rendering\Vertex.h">
      <Filter>Header Files</Filter>
    </ClInclude>
    <ClInclude Include="Camera\PerspectiveCamera.h">
      <Filter>Header Files</Filter>
    </ClInclude>
    <ClInclude Include="Commands\GraphicsCommand.h">
      <Filter>Header Files</Filter>
    </ClInclude>
    <ClInclude Include="Commands\GfxCmd_RenderMesh.h">
      <Filter>Header Files</Filter>
    </ClInclude>
    <ClInclude Include="Rendering\Buffers\FrameBuffer.h">
      <Filter>Header Files</Filter>
    </ClInclude>
    <ClInclude Include="Rendering\Buffers\ObjectBuffer.h">
      <Filter>Header Files</Filter>
    </ClInclude>
    <ClInclude Include="Commands\GfxCmd_SetFrameBuffer.h">
      <Filter>Header Files</Filter>
    </ClInclude>
    <ClInclude Include="Rendering\Color.h">
      <Filter>Header Files</Filter>
    </ClInclude>
    <ClInclude Include="InterOp\ShaderInfo.h">
      <Filter>Header Files</Filter>
    </ClInclude>
    <ClInclude Include="Rendering\Shader.h">
      <Filter>Header Files</Filter>
    </ClInclude>
    <ClInclude Include="Commands\GfxCmd_SetTextureResource.h">
      <Filter>Header Files</Filter>
    </ClInclude>
    <ClInclude Include="Rendering\Buffers\LightBuffer.h">
      <Filter>Header Files</Filter>
    </ClInclude>
    <ClInclude Include="Rendering\Material.h">
      <Filter>Header Files</Filter>
    </ClInclude>
    <ClInclude Include="Rendering\Buffers\MaterialBuffer.h">
      <Filter>Header Files</Filter>
    </ClInclude>
    <ClInclude Include="Rendering\LineVertex.h">
      <Filter>Header Files</Filter>
    </ClInclude>
    <ClInclude Include="Drawer\LineDrawer.h">
      <Filter>Header Files</Filter>
    </ClInclude>
    <ClInclude Include="Commands\Light\LightCommand.h">
      <Filter>Header Files</Filter>
    </ClInclude>
    <ClInclude Include="Commands\Light\LitCmd_SetDirectionallight.h">
      <Filter>Header Files</Filter>
    </ClInclude>
    <ClInclude Include="Commands\Light\LitCmd_AddPointlight.h">
      <Filter>Header Files</Filter>
    </ClInclude>
    <ClInclude Include="Commands\Light\LitCmd_AddSpotlight.h">
      <Filter>Header Files</Filter>
    </ClInclude>
    <ClInclude Include="Commands\Light\LitCmd_ResetLightBuffer.h">
      <Filter>Header Files</Filter>
    </ClInclude>
    <ClInclude Include="Commands\Light\LitCmd_SetAmbientlight.h">
      <Filter>Header Files</Filter>
    </ClInclude>
    <ClInclude Include="Commands\GfxCmd_SetRenderTarget.h">
      <Filter>Header Files</Filter>
    </ClInclude>
    <ClInclude Include="Commands\GfxCmd_ClearDepthStencil.h">
      <Filter>Header Files</Filter>
    </ClInclude>
    <ClInclude Include="Commands\GfxCmd_ClearRenderTarget.h">
      <Filter>Header Files</Filter>
    </ClInclude>
    <ClInclude Include="Commands\GfxCmd_RenderMeshShadow.h">
      <Filter>Header Files</Filter>
    </ClInclude>
    <ClInclude Include="Commands\GfxCmd_UpdateWorldBounds.h">
      <Filter>Header Files</Filter>
    </ClInclude>
    <ClInclude Include="Commands\Light\LitCmd_SetShadowBias.h">
      <Filter>Header Files</Filter>
    </ClInclude>
    <ClInclude Include="Rendering\GBuffer.h">
      <Filter>Header Files</Filter>
    </ClInclude>
    <ClInclude Include="Commands\CommandContainer.h">
      <Filter>Header Files</Filter>
    </ClInclude>
    <ClInclude Include="Settings.h">
      <Filter>Header Files</Filter>
    </ClInclude>
    <ClInclude Include="Rendering\TextureContainer.h">
      <Filter>Header Files</Filter>
    </ClInclude>
    <ClInclude Include="Rendering\ShaderContainer.h">
      <Filter>Header Files</Filter>
    </ClInclude>
    <ClInclude Include="Drawer\LineHandle.h">
      <Filter>Header Files</Filter>
    </ClInclude>
  </ItemGroup>
  <ItemGroup>
    <ClCompile Include="GraphicsEngine.pch.cpp">
      <Filter>Source Files</Filter>
    </ClCompile>
    <ClCompile Include="GraphicsEngine.cpp">
      <Filter>Source Files</Filter>
    </ClCompile>
    <ClCompile Include="InterOp\RHI.cpp">
      <Filter>Source Files</Filter>
    </ClCompile>
    <ClCompile Include="InterOp\Helpers.cpp">
      <Filter>Source Files</Filter>
    </ClCompile>
    <ClCompile Include="Rendering\Texture.cpp">
      <Filter>Source Files</Filter>
    </ClCompile>
    <ClCompile Include="Rendering\Buffers\ConstantBuffer.cpp">
      <Filter>Source Files</Filter>
    </ClCompile>
    <ClCompile Include="InterOp\DDSTextureLoader11.cpp">
      <Filter>Source Files</Filter>
    </ClCompile>
    <ClCompile Include="Rendering\Vertex.cpp">
      <Filter>Source Files</Filter>
    </ClCompile>
    <ClCompile Include="Camera\PerspectiveCamera.cpp">
      <Filter>Source Files</Filter>
    </ClCompile>
    <ClCompile Include="Commands\GraphicsCommand.cpp">
      <Filter>Source Files</Filter>
    </ClCompile>
    <ClCompile Include="Commands\GfxCmd_RenderMesh.cpp">
      <Filter>Source Files</Filter>
    </ClCompile>
    <ClCompile Include="Commands\GfxCmd_SetFrameBuffer.cpp">
      <Filter>Source Files</Filter>
    </ClCompile>
    <ClCompile Include="Rendering\Color.cpp">
      <Filter>Source Files</Filter>
    </ClCompile>
    <ClCompile Include="Rendering\Shader.cpp">
      <Filter>Source Files</Filter>
    </ClCompile>
    <ClCompile Include="Commands\GfxCmd_SetTextureResource.cpp">
      <Filter>Source Files</Filter>
    </ClCompile>
    <ClCompile Include="Rendering\Material.cpp">
      <Filter>Source Files</Filter>
    </ClCompile>
    <ClCompile Include="Rendering\LineVertex.cpp">
      <Filter>Source Files</Filter>
    </ClCompile>
    <ClCompile Include="Drawer\LineDrawer.cpp">
      <Filter>Source Files</Filter>
    </ClCompile>
    <ClCompile Include="Commands\Light\LightCommand.cpp">
      <Filter>Source Files</Filter>
    </ClCompile>
    <ClCompile Include="Commands\Light\LitCmd_SetDirectionallight.cpp">
      <Filter>Source Files</Filter>
    </ClCompile>
    <ClCompile Include="Commands\Light\LitCmd_AddPointlight.cpp">
      <Filter>Source Files</Filter>
    </ClCompile>
    <ClCompile Include="Commands\Light\LitCmd_AddSpotlight.cpp">
      <Filter>Source Files</Filter>
    </ClCompile>
    <ClCompile Include="Commands\Light\LitCmd_ResetLightBuffer.cpp">
      <Filter>Source Files</Filter>
    </ClCompile>
    <ClCompile Include="Commands\Light\LitCmd_SetAmbientlight.cpp">
      <Filter>Source Files</Filter>
    </ClCompile>
    <ClCompile Include="Commands\GfxCmd_SetRenderTarget.cpp">
      <Filter>Source Files</Filter>
    </ClCompile>
    <ClCompile Include="Commands\GfxCmd_ClearDepthStencil.cpp">
      <Filter>Source Files</Filter>
    </ClCompile>
    <ClCompile Include="Commands\GfxCmd_ClearRenderTarget.cpp">
      <Filter>Source Files</Filter>
    </ClCompile>
    <ClCompile Include="Commands\GfxCmd_RenderMeshShadow.cpp">
      <Filter>Source Files</Filter>
    </ClCompile>
    <ClCompile Include="Commands\GfxCmd_UpdateWorldBounds.cpp">
      <Filter>Source Files</Filter>
    </ClCompile>
    <ClCompile Include="Commands\Light\LitCmd_SetShadowBias.cpp">
      <Filter>Source Files</Filter>
    </ClCompile>
    <ClCompile Include="Rendering\GBuffer.cpp">
      <Filter>Source Files</Filter>
    </ClCompile>
    <ClCompile Include="Settings.cpp">
      <Filter>Source Files</Filter>
    </ClCompile>
    <ClCompile Include="Rendering\TextureContainer.cpp">
      <Filter>Source Files</Filter>
    </ClCompile>
    <ClCompile Include="Drawer\LineHandle.cpp">
      <Filter>Source Files</Filter>
    </ClCompile>
  </ItemGroup>
  <ItemGroup>
    <None Include="Shaders\ConstantBuffers\FrameBuffer.hlsli" />
    <None Include="Shaders\ConstantBuffers\ObjectBuffer.hlsli" />
    <None Include="Shaders\Default\MaterialData.hlsli" />
    <None Include="Shaders\ConstantBuffers\LightBuffer.hlsli" />
    <None Include="Shaders\Default\VertexInput.hlsli" />
    <None Include="Shaders\Default\ShaderFunctions.hlsli" />
    <None Include="Shaders\ConstantBuffers\MaterialBuffer.hlsli" />
    <None Include="Shaders\Default\LineData.hlsli" />
    <None Include="Shaders\Default\PhongFunctions.hlsli" />
    <None Include="Shaders\Default\PBLFunctions.hlsli" />
    <None Include="Shaders\Default\BrdfData.hlsli" />
    <None Include="Shaders\Default\GBufferData.hlsli" />
    <None Include="Shaders\Default\QuadData.hlsli" />
    <None Include="Shaders\Default\PostProcessingData.hlsli" />
    <None Include="Shaders\Default\Tonemaps.hlsli" />
  </ItemGroup>
  <ItemGroup>
    <FxCompile Include="Shaders\VertexShaders\Default_VS.hlsl" />
    <FxCompile Include="Shaders\PixelShaders\Default_Forward_PS.hlsl" />
    <FxCompile Include="Shaders\VertexShaders\Default_Line_VS.hlsl" />
    <FxCompile Include="Shaders\PixelShaders\Default_Line_PS.hlsl" />
    <FxCompile Include="Shaders\VertexShaders\Default_UI_Line_VS.hlsl" />
    <FxCompile Include="Shaders\PixelShaders\BlinnPhong_PS.hlsl" />
    <FxCompile Include="Shaders\VertexShaders\ScreenQuad_VS.hlsl" />
    <FxCompile Include="Shaders\PixelShaders\BrdfLUT_PS.hlsl" />
    <FxCompile Include="Shaders\DeferredRendering\Default_GBuffer_PS.hlsl" />
    <FxCompile Include="Shaders\DeferredRendering\Default_Environment_PS.hlsl" />
    <FxCompile Include="Shaders\DeferredRendering\Default_SpotLight_PS.hlsl" />
    <FxCompile Include="Shaders\DeferredRendering\Default_PointLight_PS.hlsl" />
    <FxCompile Include="Shaders\PixelShaders\Copy_PS.hlsl" />
    <FxCompile Include="Shaders\PostProcessing\Luminance_PS.hlsl" />
    <FxCompile Include="Shaders\PostProcessing\Gaussian_Blur_PS.hlsl" />
    <FxCompile Include="Shaders\PostProcessing\Bloom_PS.hlsl" />
    <FxCompile Include="Shaders\PostProcessing\Gamma_PS.hlsl" />
  </ItemGroup>
</Project>