<?xml version="1.0" encoding="utf-8"?>
<Project ToolsVersion="4.0" xmlns="http://schemas.microsoft.com/developer/msbuild/2003">
  <ItemGroup>
    <Filter Include="Source Files">
      <UniqueIdentifier>{4FC737F1-C7A5-4376-A066-2A32D752A2FF}</UniqueIdentifier>
      <Extensions>cpp;c;cc;cxx;c++;cppm;ixx;def;odl;idl;hpj;bat;asm;asmx</Extensions>
    </Filter>
    <Filter Include="Header Files">
      <UniqueIdentifier>{93995380-89BD-4b04-88EB-625FBE52EBFB}</UniqueIdentifier>
      <Extensions>h;hh;hpp;hxx;h++;hm;inl;inc;ipp;xsd</Extensions>
    </Filter>
    <Filter Include="Resource Files">
      <UniqueIdentifier>{67DA6AB6-F800-4c08-8B7A-83BB121AAD01}</UniqueIdentifier>
      <Extensions>rc;ico;cur;bmp;dlg;rc2;rct;bin;rgs;gif;jpg;jpeg;jpe;resx;tiff;tif;png;wav;mfcribbon-ms</Extensions>
    </Filter>
  </ItemGroup>
  <ItemGroup>
    <ClInclude Include="NewCollision - WIP\CollisionObject.hpp">
      <Filter>Header Files</Filter>
    </ClInclude>
    <ClInclude Include="NewCollision - WIP\CollisionObject2D.hpp">
      <Filter>Header Files</Filter>
    </ClInclude>
    <ClInclude Include="Input\InputObserver.hpp">
      <Filter>Header Files</Filter>
    </ClInclude>
    <ClInclude Include="PostMaster\Observer.hpp">
      <Filter>Header Files</Filter>
    </ClInclude>
    <ClInclude Include="Collision\2DColliders.hpp">
      <Filter>Header Files</Filter>
    </ClInclude>
    <ClInclude Include="Collision\3DColliders.hpp">
      <Filter>Header Files</Filter>
    </ClInclude>
    <ClInclude Include="Collision\AABB2D.hpp">
      <Filter>Header Files</Filter>
    </ClInclude>
    <ClInclude Include="Collision\AABB3D.hpp">
      <Filter>Header Files</Filter>
    </ClInclude>
    <ClInclude Include="Collision\Circle.hpp">
      <Filter>Header Files</Filter>
    </ClInclude>
    <ClInclude Include="Collision\Intersection.hpp">
      <Filter>Header Files</Filter>
    </ClInclude>
    <ClInclude Include="Collision\Intersection2D.hpp">
      <Filter>Header Files</Filter>
    </ClInclude>
    <ClInclude Include="Collision\Line.hpp">
      <Filter>Header Files</Filter>
    </ClInclude>
    <ClInclude Include="Collision\LineVolume.hpp">
      <Filter>Header Files</Filter>
    </ClInclude>
    <ClInclude Include="Collision\Plane.hpp">
      <Filter>Header Files</Filter>
    </ClInclude>
    <ClInclude Include="Collision\PlaneVolume.hpp">
      <Filter>Header Files</Filter>
    </ClInclude>
    <ClInclude Include="Collision\Ray.hpp">
      <Filter>Header Files</Filter>
    </ClInclude>
    <ClInclude Include="Collision\Ray2D.hpp">
      <Filter>Header Files</Filter>
    </ClInclude>
    <ClInclude Include="Collision\Sphere.hpp">
      <Filter>Header Files</Filter>
    </ClInclude>
    <ClInclude Include="Container\Blackboard.hpp">
      <Filter>Header Files</Filter>
    </ClInclude>
    <ClInclude Include="Container\BSTSet.hpp">
      <Filter>Header Files</Filter>
    </ClInclude>
    <ClInclude Include="Container\DoublyLinkedList.hpp">
      <Filter>Header Files</Filter>
    </ClInclude>
    <ClInclude Include="Container\HashMap.hpp">
      <Filter>Header Files</Filter>
    </ClInclude>
    <ClInclude Include="Container\Heap.hpp">
      <Filter>Header Files</Filter>
    </ClInclude>
    <ClInclude Include="Container\MinHeap.hpp">
      <Filter>Header Files</Filter>
    </ClInclude>
    <ClInclude Include="Container\Queue.hpp">
      <Filter>Header Files</Filter>
    </ClInclude>
    <ClInclude Include="Container\Stack.hpp">
      <Filter>Header Files</Filter>
    </ClInclude>
    <ClInclude Include="NewCollision - WIP\EnumCollisions.h">
      <Filter>Header Files</Filter>
    </ClInclude>
    <ClInclude Include="Input\EnumInputAction.h">
      <Filter>Header Files</Filter>
    </ClInclude>
    <ClInclude Include="Input\EnumInputEvents.h">
      <Filter>Header Files</Filter>
    </ClInclude>
    <ClInclude Include="Input\EnumKeys.h">
      <Filter>Header Files</Filter>
    </ClInclude>
    <ClInclude Include="PostMaster\EnumMessageTypes.h">
      <Filter>Header Files</Filter>
    </ClInclude>
    <ClInclude Include="Hash\CityHash\city.h">
      <Filter>Header Files</Filter>
    </ClInclude>
    <ClInclude Include="Hash\CityHash\citycrc.h">
      <Filter>Header Files</Filter>
    </ClInclude>
    <ClInclude Include="Hash\CityHash\config.h">
      <Filter>Header Files</Filter>
    </ClInclude>
    <ClInclude Include="Json\jsonCpp\json.h">
      <Filter>Header Files</Filter>
    </ClInclude>
    <ClInclude Include="Json\jsonCpp\json-forwards.h">
      <Filter>Header Files</Filter>
    </ClInclude>
    <ClInclude Include="Json\nlohmannJson\json.hpp">
      <Filter>Header Files</Filter>
    </ClInclude>
    <ClInclude Include="Json\nlohmannJson\json_fwd.hpp">
      <Filter>Header Files</Filter>
    </ClInclude>
    <ClInclude Include="Math\sivPerlinNoise\PerlinNoise.hpp">
      <Filter>Header Files</Filter>
    </ClInclude>
    <ClInclude Include="Hash\SpookyHash\SpookyHashV2.h">
      <Filter>Header Files</Filter>
    </ClInclude>
    <ClInclude Include="Hash\SpookyHash\TestSpookyHashV2.hpp">
      <Filter>Header Files</Filter>
    </ClInclude>
    <ClInclude Include="NewCollision - WIP\2DColliders.hpp">
      <Filter>Header Files</Filter>
    </ClInclude>
    <ClInclude Include="NewCollision - WIP\3DColliders.hpp">
      <Filter>Header Files</Filter>
    </ClInclude>
    <ClInclude Include="NewCollision - WIP\AABB2D.hpp">
      <Filter>Header Files</Filter>
    </ClInclude>
    <ClInclude Include="NewCollision - WIP\AABB3D.hpp">
      <Filter>Header Files</Filter>
    </ClInclude>
    <ClInclude Include="NewCollision - WIP\Circle.hpp">
      <Filter>Header Files</Filter>
    </ClInclude>
    <ClInclude Include="NewCollision - WIP\CollisionManager.hpp">
      <Filter>Header Files</Filter>
    </ClInclude>
    <ClInclude Include="NewCollision - WIP\CollisionManager2D.hpp">
      <Filter>Header Files</Filter>
    </ClInclude>
    <ClInclude Include="NewCollision - WIP\Intersection.hpp">
      <Filter>Header Files</Filter>
    </ClInclude>
    <ClInclude Include="NewCollision - WIP\Intersection2D.hpp">
      <Filter>Header Files</Filter>
    </ClInclude>
    <ClInclude Include="NewCollision - WIP\Line.hpp">
      <Filter>Header Files</Filter>
    </ClInclude>
    <ClInclude Include="NewCollision - WIP\LineVolume.hpp">
      <Filter>Header Files</Filter>
    </ClInclude>
    <ClInclude Include="NewCollision - WIP\Plane.hpp">
      <Filter>Header Files</Filter>
    </ClInclude>
    <ClInclude Include="NewCollision - WIP\PlaneVolume.hpp">
      <Filter>Header Files</Filter>
    </ClInclude>
    <ClInclude Include="NewCollision - WIP\Ray.hpp">
      <Filter>Header Files</Filter>
    </ClInclude>
    <ClInclude Include="NewCollision - WIP\Ray2D.hpp">
      <Filter>Header Files</Filter>
    </ClInclude>
    <ClInclude Include="NewCollision - WIP\Sphere.hpp">
      <Filter>Header Files</Filter>
    </ClInclude>
    <ClInclude Include="Math\AStar.hpp">
      <Filter>Header Files</Filter>
    </ClInclude>
    <ClInclude Include="Math\Conversions.hpp">
      <Filter>Header Files</Filter>
    </ClInclude>
    <ClInclude Include="Math\Dijkstra.hpp">
      <Filter>Header Files</Filter>
    </ClInclude>
    <ClInclude Include="Hash\Hash.hpp">
      <Filter>Header Files</Filter>
    </ClInclude>
    <ClInclude Include="Input\Input.h">
      <Filter>Header Files</Filter>
    </ClInclude>
    <ClInclude Include="Input\InputHandler.h">
      <Filter>Header Files</Filter>
    </ClInclude>
    <ClInclude Include="Input\InputMapper.h">
      <Filter>Header Files</Filter>
    </ClInclude>
    <ClInclude Include="Json\Json.h">
      <Filter>Header Files</Filter>
    </ClInclude>
    <ClInclude Include="Json\JsonVector.hpp">
      <Filter>Header Files</Filter>
    </ClInclude>
    <ClInclude Include="Input\KeyBind.h">
      <Filter>Header Files</Filter>
    </ClInclude>
    <ClInclude Include="Math\Matrix.hpp">
      <Filter>Header Files</Filter>
    </ClInclude>
    <ClInclude Include="Math\Matrix2x2.hpp">
      <Filter>Header Files</Filter>
    </ClInclude>
    <ClInclude Include="Math\Matrix3x3.hpp">
      <Filter>Header Files</Filter>
    </ClInclude>
    <ClInclude Include="Math\Matrix4x4.hpp">
      <Filter>Header Files</Filter>
    </ClInclude>
    <ClInclude Include="PostMaster\Message.h">
      <Filter>Header Files</Filter>
    </ClInclude>
    <ClInclude Include="PostMaster\PostMaster.h">
      <Filter>Header Files</Filter>
    </ClInclude>
    <ClInclude Include="Math\Random.h">
      <Filter>Header Files</Filter>
    </ClInclude>
    <ClInclude Include="Math\Sort.hpp">
      <Filter>Header Files</Filter>
    </ClInclude>
    <ClInclude Include="Time\Timer.h">
      <Filter>Header Files</Filter>
    </ClInclude>
    <ClInclude Include="Math\Math.hpp">
      <Filter>Header Files</Filter>
    </ClInclude>
    <ClInclude Include="Math\Vector2.hpp">
      <Filter>Header Files</Filter>
    </ClInclude>
    <ClInclude Include="Math\Vector3.hpp">
      <Filter>Header Files</Filter>
    </ClInclude>
    <ClInclude Include="Math\Vector4.hpp">
      <Filter>Header Files</Filter>
    </ClInclude>
    <ClInclude Include="Input\XBoxController.h">
      <Filter>Header Files</Filter>
    </ClInclude>
    <ClInclude Include="File\DirectoryFunctions.h">
      <Filter>Header Files</Filter>
    </ClInclude>
    <ClInclude Include="String\StringFunctions.h">
      <Filter>Header Files</Filter>
    </ClInclude>
  </ItemGroup>
  <ItemGroup>
    <ClCompile Include="Hash\CityHash\city.cc">
      <Filter>Source Files</Filter>
    </ClCompile>
    <ClCompile Include="Hash\CityHash\city-test.cc">
      <Filter>Source Files</Filter>
    </ClCompile>
    <ClCompile Include="Json\jsonCpp\jsoncpp.cpp">
      <Filter>Source Files</Filter>
    </ClCompile>
    <ClCompile Include="Hash\SpookyHash\SpookyHashV2.cpp">
      <Filter>Source Files</Filter>
    </ClCompile>
    <ClCompile Include="Input\Input.cpp">
      <Filter>Source Files</Filter>
    </ClCompile>
    <ClCompile Include="Input\InputHandler.cpp">
      <Filter>Source Files</Filter>
    </ClCompile>
    <ClCompile Include="Input\InputMapper.cpp">
      <Filter>Source Files</Filter>
    </ClCompile>
    <ClCompile Include="Json\Json.cpp">
      <Filter>Source Files</Filter>
    </ClCompile>
    <ClCompile Include="Input\KeyBind.cpp">
      <Filter>Source Files</Filter>
    </ClCompile>
    <ClCompile Include="PostMaster\Message.cpp">
      <Filter>Source Files</Filter>
    </ClCompile>
    <ClCompile Include="PostMaster\PostMaster.cpp">
      <Filter>Source Files</Filter>
    </ClCompile>
    <ClCompile Include="Math\Random.cpp">
      <Filter>Source Files</Filter>
    </ClCompile>
    <ClCompile Include="Time\Timer.cpp">
      <Filter>Source Files</Filter>
    </ClCompile>
    <ClCompile Include="Input\XBoxController.cpp">
      <Filter>Source Files</Filter>
    </ClCompile>
    <ClCompile Include="File\DirectoryFunctions.cpp">
      <Filter>Source Files</Filter>
    </ClCompile>
    <ClCompile Include="String\StringFunctions.cpp">
      <Filter>Source Files</Filter>
    </ClCompile>
  </ItemGroup>
  <ItemGroup>
    <Natvis Include="Crimson.natvis" />
  </ItemGroup>
  <ItemGroup>
    <None Include="Crimson.natstepfilter" />
  </ItemGroup>
</Project>