<?xml version="1.0" encoding="utf-8"?>
<Project ToolsVersion="4.0" xmlns="http://schemas.microsoft.com/developer/msbuild/2003">
  <ItemGroup>
    <Filter Include="Source Files">
      <UniqueIdentifier>{4FC737F1-C7A5-4376-A066-2A32D752A2FF}</UniqueIdentifier>
      <Extensions>cpp;c;cc;cxx;c++;cppm;ixx;def;odl;idl;hpj;bat;asm;asmx</Extensions>
    </Filter>
    <Filter Include="Header Files">
      <UniqueIdentifier>{93995380-89BD-4b04-88EB-625FBE52EBFB}</UniqueIdentifier>
      <Extensions>h;hh;hpp;hxx;h++;hm;inl;inc;ipp;xsd</Extensions>
    </Filter>
    <Filter Include="Resource Files">
      <UniqueIdentifier>{67DA6AB6-F800-4c08-8B7A-83BB121AAD01}</UniqueIdentifier>
      <Extensions>rc;ico;cur;bmp;dlg;rc2;rct;bin;rgs;gif;jpg;jpeg;jpe;resx;tiff;tif;png;wav;mfcribbon-ms</Extensions>
    </Filter>
    <Filter Include="Shaders">
      <UniqueIdentifier>{d95a3a57-b9eb-4653-aab1-cd75149fa9a9}</UniqueIdentifier>
    </Filter>
  </ItemGroup>
  <ItemGroup>
    <ClInclude Include="targetver.h">
      <Filter>Header Files</Filter>
    </ClInclude>
    <ClInclude Include="Resource.h">
      <Filter>Header Files</Filter>
    </ClInclude>
    <ClInclude Include="Core\Modelviewer.h">
      <Filter>Header Files</Filter>
    </ClInclude>
    <ClInclude Include="Windows\SplashWindow.h">
      <Filter>Header Files</Filter>
    </ClInclude>
    <ClInclude Include="Core\ApplicationState.h">
      <Filter>Header Files</Filter>
    </ClInclude>
    <ClInclude Include="Core\Commands\EditCommand.h">
      <Filter>Header Files</Filter>
    </ClInclude>
    <ClInclude Include="Core\Commands\EditCmd_ChangeComponent.h">
      <Filter>Header Files</Filter>
    </ClInclude>
    <ClInclude Include="Core\Commands\EditCmd_ChangeTransform.h">
      <Filter>Header Files</Filter>
    </ClInclude>
    <ClInclude Include="Core\Commands\EditCmd_AddComponent.h">
      <Filter>Header Files</Filter>
    </ClInclude>
    <ClInclude Include="Core\Commands\EditCmd_RemoveComponent.h">
      <Filter>Header Files</Filter>
    </ClInclude>
    <ClInclude Include="Core\Commands\EditCmd_ChangeValue.h">
      <Filter>Header Files</Filter>
    </ClInclude>
    <ClInclude Include="Core\Editor\ImguiManager.h">
      <Filter>Header Files</Filter>
    </ClInclude>
    <ClInclude Include="Core\Editor\AssetTypes.h">
      <Filter>Header Files</Filter>
    </ClInclude>
    <ClInclude Include="Core\Commands\EditCmd_ChangeMultipleGameObjects.h">
      <Filter>Header Files</Filter>
    </ClInclude>
    <ClInclude Include="Core\Commands\EditCmd_AddGameObjects.h">
      <Filter>Header Files</Filter>
    </ClInclude>
    <ClInclude Include="Core\Commands\EditCmd_RemoveGameObjects.h">
      <Filter>Header Files</Filter>
    </ClInclude>
    <ClInclude Include="Core\Commands\EditCmd_ChangeGameObjectName.h">
      <Filter>Header Files</Filter>
    </ClInclude>
    <ClInclude Include="Core\Commands\EditCmd_AddGameObject.h">
      <Filter>Header Files</Filter>
    </ClInclude>
    <ClInclude Include="Core\Commands\EditCmd_RemoveGameObject.h">
      <Filter>Header Files</Filter>
    </ClInclude>
    <ClInclude Include="ModelViewer.pch.h">
      <Filter>Header Files</Filter>
    </ClInclude>
    <ClInclude Include="Core\ScriptGraphEditor\Event_Icon.h">
      <Filter>Header Files</Filter>
    </ClInclude>
    <ClInclude Include="Core\ScriptGraphEditor\Function_Icon.h">
      <Filter>Header Files</Filter>
    </ClInclude>
    <ClInclude Include="Core\ScriptGraphEditor\GetGradient.h">
      <Filter>Header Files</Filter>
    </ClInclude>
    <ClInclude Include="Core\ScriptGraphEditor\Graph_Hazard.h">
      <Filter>Header Files</Filter>
    </ClInclude>
    <ClInclude Include="Core\ScriptGraphEditor\RegisterExternalNodes.h">
      <Filter>Header Files</Filter>
    </ClInclude>
    <ClInclude Include="Core\ScriptGraphEditor\RegisterExternalTypes.h">
      <Filter>Header Files</Filter>
    </ClInclude>
    <ClInclude Include="Core\ScriptGraphEditor\ScriptGraphEditor.h">
      <Filter>Header Files</Filter>
    </ClInclude>
    <ClInclude Include="Core\ScriptGraphEditor\ScriptGraphNodeGradient.h">
      <Filter>Header Files</Filter>
    </ClInclude>
    <ClInclude Include="Core\GraphEditorBase.h">
      <Filter>Header Files</Filter>
    </ClInclude>
    <ClInclude Include="Core\ScriptGraphEditor\Nodes\GameObjectNodes.h">
      <Filter>Header Files</Filter>
    </ClInclude>
    <ClInclude Include="Core\ScriptGraphEditor\Nodes\EditorNodes.h">
      <Filter>Header Files</Filter>
    </ClInclude>
    <ClInclude Include="Core\ScriptGraphEditor\Nodes\CollisionNodes.h">
      <Filter>Header Files</Filter>
    </ClInclude>
  </ItemGroup>
  <ItemGroup>
    <ClCompile Include="Core\Modelviewer.cpp">
      <Filter>Source Files</Filter>
    </ClCompile>
    <ClCompile Include="Windows\SplashWindow.cpp">
      <Filter>Source Files</Filter>
    </ClCompile>
    <ClCompile Include="Main.cpp">
      <Filter>Source Files</Filter>
    </ClCompile>
    <ClCompile Include="Core\ApplicationState.cpp">
      <Filter>Source Files</Filter>
    </ClCompile>
    <ClCompile Include="Core\Commands\EditCommand.cpp">
      <Filter>Source Files</Filter>
    </ClCompile>
    <ClCompile Include="Core\Commands\EditCmd_ChangeTransform.cpp">
      <Filter>Source Files</Filter>
    </ClCompile>
    <ClCompile Include="Core\Editor\ImguiManager.cpp">
      <Filter>Source Files</Filter>
    </ClCompile>
    <ClCompile Include="Core\Editor\AssetTypes.cpp">
      <Filter>Source Files</Filter>
    </ClCompile>
    <ClCompile Include="Core\Commands\EditCmd_ChangeMultipleGameObjects.cpp">
      <Filter>Source Files</Filter>
    </ClCompile>
    <ClCompile Include="Core\Commands\EditCmd_AddGameObjects.cpp">
      <Filter>Source Files</Filter>
    </ClCompile>
    <ClCompile Include="Core\Commands\EditCmd_RemoveGameObjects.cpp">
      <Filter>Source Files</Filter>
    </ClCompile>
    <ClCompile Include="Core\Commands\EditCmd_ChangeGameObjectName.cpp">
      <Filter>Source Files</Filter>
    </ClCompile>
    <ClCompile Include="Core\Commands\EditCmd_AddGameObject.cpp">
      <Filter>Source Files</Filter>
    </ClCompile>
    <ClCompile Include="Core\Commands\EditCmd_RemoveGameObject.cpp">
      <Filter>Source Files</Filter>
    </ClCompile>
    <ClCompile Include="ModelViewer.pch.cpp">
      <Filter>Source Files</Filter>
    </ClCompile>
    <ClCompile Include="Core\ScriptGraphEditor\RegisterExternalNodes.cpp">
      <Filter>Source Files</Filter>
    </ClCompile>
    <ClCompile Include="Core\ScriptGraphEditor\ScriptGraphEditor.cpp">
      <Filter>Source Files</Filter>
    </ClCompile>
    <ClCompile Include="Core\GraphEditorBase.cpp">
      <Filter>Source Files</Filter>
    </ClCompile>
    <ClCompile Include="Core\ScriptGraphEditor\Nodes\GameObjectNodes.cpp">
      <Filter>Source Files</Filter>
    </ClCompile>
    <ClCompile Include="Core\ScriptGraphEditor\Nodes\EditorNodes.cpp">
      <Filter>Source Files</Filter>
    </ClCompile>
    <ClCompile Include="Core\ScriptGraphEditor\Nodes\CollisionNodes.cpp">
      <Filter>Source Files</Filter>
    </ClCompile>
  </ItemGroup>
  <ItemGroup>
    <ResourceCompile Include="Modelviewer.rc">
      <Filter>Resource Files</Filter>
    </ResourceCompile>
  </ItemGroup>
  <ItemGroup>
    <Image Include="small.ico">
      <Filter>Resource Files</Filter>
    </Image>
    <Image Include="Modelviewer.ico">
      <Filter>Resource Files</Filter>
    </Image>
    <Image Include="TGPSplash.bmp">
      <Filter>Resource Files</Filter>
    </Image>
  </ItemGroup>
</Project>